<?xml version="1.0" encoding="utf-8"?>
<Project ToolsVersion="4.0" xmlns="http://schemas.microsoft.com/developer/msbuild/2003">
  <ItemGroup>
    <Filter Include="源文件">
      <UniqueIdentifier>{4FC737F1-C7A5-4376-A066-2A32D752A2FF}</UniqueIdentifier>
      <Extensions>cpp;c;cc;cxx;def;odl;idl;hpj;bat;asm;asmx</Extensions>
    </Filter>
    <Filter Include="头文件">
      <UniqueIdentifier>{93995380-89BD-4b04-88EB-625FBE52EBFB}</UniqueIdentifier>
      <Extensions>h;hpp;hxx;hm;inl;inc;xsd</Extensions>
    </Filter>
    <Filter Include="资源文件">
      <UniqueIdentifier>{67DA6AB6-F800-4c08-8B7A-83BB121AAD01}</UniqueIdentifier>
      <Extensions>rc;ico;cur;bmp;dlg;rc2;rct;bin;rgs;gif;jpg;jpeg;jpe;resx;tiff;tif;png;wav;mfcribbon-ms</Extensions>
    </Filter>
  </ItemGroup>
  <ItemGroup>
    <ClCompile Include="lanewaysectionfeature.cpp">
      <Filter>源文件</Filter>
    </ClCompile>
    <ClCompile Include="projectfeature.cpp">
      <Filter>源文件</Filter>
    </ClCompile>
    <ClCompile Include="rocklayerfeature.cpp">
      <Filter>源文件</Filter>
    </ClCompile>
    <ClCompile Include="shotholefeature.cpp">
      <Filter>源文件</Filter>
    </ClCompile>
    <ClCompile Include="lanewaysectiondataset.cpp">
      <Filter>源文件</Filter>
    </ClCompile>
    <ClCompile Include="projectdataset.cpp">
      <Filter>源文件</Filter>
    </ClCompile>
    <ClCompile Include="shotholedataset.cpp">
      <Filter>源文件</Filter>
    </ClCompile>
    <ClCompile Include="escaperoutedataset.cpp">
      <Filter>源文件</Filter>
    </ClCompile>
    <ClCompile Include="escaperoutefeature.cpp">
      <Filter>源文件</Filter>
    </ClCompile>
    <ClCompile Include="bangsqlitedatabase.cpp">
      <Filter>源文件</Filter>
    </ClCompile>
    <ClCompile Include="bangsqlitedatabasemanager.cpp">
      <Filter>源文件</Filter>
    </ClCompile>
    <ClCompile Include="conprogressdataset.cpp">
      <Filter>源文件</Filter>
    </ClCompile>
    <ClCompile Include="conprogressfeature.cpp">
      <Filter>源文件</Filter>
    </ClCompile>
  </ItemGroup>
  <ItemGroup>
    <ClInclude Include="..\..\..\include\bang\projectfeature.h">
      <Filter>头文件</Filter>
    </ClInclude>
    <ClInclude Include="..\..\..\include\bang\rocklayerconfig.h">
      <Filter>头文件</Filter>
    </ClInclude>
    <ClInclude Include="..\..\..\include\bang\rocklayerfeature.h">
      <Filter>头文件</Filter>
    </ClInclude>
    <ClInclude Include="..\..\..\include\bang\shotholefeature.h">
      <Filter>头文件</Filter>
    </ClInclude>
    <ClInclude Include="..\..\..\include\bang\lanewaysectionfeature.h">
      <Filter>头文件</Filter>
    </ClInclude>
    <ClInclude Include="..\..\..\include\bang\lanewaysectiondataset.h">
      <Filter>头文件</Filter>
    </ClInclude>
    <ClInclude Include="..\..\..\include\bang\projectdataset.h">
      <Filter>头文件</Filter>
    </ClInclude>
    <ClInclude Include="..\..\..\include\bang\shotholedataset.h">
      <Filter>头文件</Filter>
    </ClInclude>
    <ClInclude Include="..\..\..\include\bang\escaperoutefeature.h">
      <Filter>头文件</Filter>
    </ClInclude>
    <ClInclude Include="..\..\..\include\bang\escaperoutedataset.h">
      <Filter>头文件</Filter>
    </ClInclude>
    <ClInclude Include="..\..\..\include\bang\bangsqlitedatabase.h">
      <Filter>头文件</Filter>
    </ClInclude>
    <ClInclude Include="..\..\..\include\bang\bangsqlitedatabasemanager.h">
      <Filter>头文件</Filter>
    </ClInclude>
    <ClInclude Include="..\..\..\include\bang\conprogressdataset.h">
      <Filter>头文件</Filter>
    </ClInclude>
    <ClInclude Include="..\..\..\include\bang\conprogressfeature.h">
      <Filter>头文件</Filter>
    </ClInclude>
  </ItemGroup>
</Project>